
Microsoft Visual Studio Solution File, Format Version 12.00
# Visual Studio 15
VisualStudioVersion = 15.0.28010.2048
MinimumVisualStudioVersion = 10.0.40219.1
Project("{FAE04EC0-301F-11D3-BF4B-00C04F79EFBC}") = "HelloW", "HelloW\HelloW.csproj", "{28320393-6F88-4BD5-9973-AD8D76DBAADC}"
EndProject
Global
	GlobalSection(SolutionConfigurationPlatforms) = preSolution
		Debug|Any CPU = Debug|Any CPU
		Release|Any CPU = Release|Any CPU
	EndGlobalSection
	GlobalSection(ProjectConfigurationPlatforms) = postSolution
		{28320393-6F88-4BD5-9973-AD8D76DBAADC}.Debug|Any CPU.ActiveCfg = Debug|Any CPU
		{28320393-6F88-4BD5-9973-AD8D76DBAADC}.Debug|Any CPU.Build.0 = Debug|Any CPU
		{28320393-6F88-4BD5-9973-AD8D76DBAADC}.Release|Any CPU.ActiveCfg = Release|Any CPU
		{28320393-6F88-4BD5-9973-AD8D76DBAADC}.Release|Any CPU.Build.0 = Release|Any CPU
	EndGlobalSection
	GlobalSection(SolutionProperties) = preSolution
		HideSolutionNode = FALSE
	EndGlobalSection
	GlobalSection(ExtensibilityGlobals) = postSolution
		SolutionGuid = {9CA3FF63-4763-4A38-A320-67A808771D6E}
	EndGlobalSection
EndGlobal
